
Microsoft Visual Studio Solution File, Format Version 12.00
# Visual Studio Version 17
VisualStudioVersion = 17.9.34616.47
MinimumVisualStudioVersion = 10.0.40219.1
Project("{FAE04EC0-301F-11D3-BF4B-00C04F79EFBC}") = "Solid", "Solid\Solid.csproj", "{4C662D44-4B4D-47C3-9767-D0C0D8993D3E}"
EndProject
Global
	GlobalSection(SolutionConfigurationPlatforms) = preSolution
		Debug|Any CPU = Debug|Any CPU
		Release|Any CPU = Release|Any CPU
	EndGlobalSection
	GlobalSection(ProjectConfigurationPlatforms) = postSolution
		{4C662D44-4B4D-47C3-9767-D0C0D8993D3E}.Debug|Any CPU.ActiveCfg = Debug|Any CPU
		{4C662D44-4B4D-47C3-9767-D0C0D8993D3E}.Debug|Any CPU.Build.0 = Debug|Any CPU
		{4C662D44-4B4D-47C3-9767-D0C0D8993D3E}.Release|Any CPU.ActiveCfg = Release|Any CPU
		{4C662D44-4B4D-47C3-9767-D0C0D8993D3E}.Release|Any CPU.Build.0 = Release|Any CPU
	EndGlobalSection
	GlobalSection(SolutionProperties) = preSolution
		HideSolutionNode = FALSE
	EndGlobalSection
	GlobalSection(ExtensibilityGlobals) = postSolution
		SolutionGuid = {D163BD28-EE17-4F6D-88CF-0330F3794734}
	EndGlobalSection
EndGlobal
